hash: 4c0902efb187ef2891f1081244efcf4fa91d7f6c275a3bc28ad397492741c524
updated: 2016-12-09T13:49:29.251609588+01:00
imports:
- name: github.com/BurntSushi/toml
  version: 99064174e013895bbd9b025c31100bd1d9b590ca
- name: github.com/mattn/go-runewidth
  version: d6bea18f789704b5f83375793155289da36a3c7f
- name: github.com/nsf/termbox-go
  version: abe82ce5fb7a42fbd6784a5ceb71aff977e09ed8
testImports: []
